
Microsoft Visual Studio Solution File, Format Version 12.00
# Visual Studio 15
VisualStudioVersion = 15.0.28307.329
MinimumVisualStudioVersion = 10.0.40219.1
Project("{9A19103F-16F7-4668-BE54-9A1E7A4F7556}") = "CodeMetricsBadCode", "CodeMetrics\CodeMetricsBadCode.csproj", "{C723477B-5093-4A75-93C8-44E61E6B1704}"
EndProject
Project("{FAE04EC0-301F-11D3-BF4B-00C04F79EFBC}") = "CodeMetricsGoodCode", "CodeMetricsGoodCode\CodeMetricsGoodCode.csproj", "{B06C10CB-7CFB-4D57-8E10-ED0801E910A3}"
EndProject
Global
	GlobalSection(SolutionConfigurationPlatforms) = preSolution
		Debug|Any CPU = Debug|Any CPU
		Release|Any CPU = Release|Any CPU
	EndGlobalSection
	GlobalSection(ProjectConfigurationPlatforms) = postSolution
		{C723477B-5093-4A75-93C8-44E61E6B1704}.Debug|Any CPU.ActiveCfg = Debug|Any CPU
		{C723477B-5093-4A75-93C8-44E61E6B1704}.Debug|Any CPU.Build.0 = Debug|Any CPU
		{C723477B-5093-4A75-93C8-44E61E6B1704}.Release|Any CPU.ActiveCfg = Release|Any CPU
		{C723477B-5093-4A75-93C8-44E61E6B1704}.Release|Any CPU.Build.0 = Release|Any CPU
		{B06C10CB-7CFB-4D57-8E10-ED0801E910A3}.Debug|Any CPU.ActiveCfg = Debug|Any CPU
		{B06C10CB-7CFB-4D57-8E10-ED0801E910A3}.Debug|Any CPU.Build.0 = Debug|Any CPU
		{B06C10CB-7CFB-4D57-8E10-ED0801E910A3}.Release|Any CPU.ActiveCfg = Release|Any CPU
		{B06C10CB-7CFB-4D57-8E10-ED0801E910A3}.Release|Any CPU.Build.0 = Release|Any CPU
	EndGlobalSection
	GlobalSection(SolutionProperties) = preSolution
		HideSolutionNode = FALSE
	EndGlobalSection
	GlobalSection(ExtensibilityGlobals) = postSolution
		SolutionGuid = {A4F49209-E15F-4E25-9142-3A98137700CB}
	EndGlobalSection
EndGlobal
