
Microsoft Visual Studio Solution File, Format Version 12.00
# Visual Studio Version 16
VisualStudioVersion = 16.0.28407.52
MinimumVisualStudioVersion = 10.0.40219.1
Project("{FAE04EC0-301F-11D3-BF4B-00C04F79EFBC}") = "scalability-sample", "scalability-sample\scalability-sample.csproj", "{21389BDA-5B4B-4F37-AFD4-918851377B40}"
EndProject
Global
	GlobalSection(SolutionConfigurationPlatforms) = preSolution
		Debug|Any CPU = Debug|Any CPU
		Release|Any CPU = Release|Any CPU
	EndGlobalSection
	GlobalSection(ProjectConfigurationPlatforms) = postSolution
		{21389BDA-5B4B-4F37-AFD4-918851377B40}.Debug|Any CPU.ActiveCfg = Debug|Any CPU
		{21389BDA-5B4B-4F37-AFD4-918851377B40}.Debug|Any CPU.Build.0 = Debug|Any CPU
		{21389BDA-5B4B-4F37-AFD4-918851377B40}.Release|Any CPU.ActiveCfg = Release|Any CPU
		{21389BDA-5B4B-4F37-AFD4-918851377B40}.Release|Any CPU.Build.0 = Release|Any CPU
	EndGlobalSection
	GlobalSection(SolutionProperties) = preSolution
		HideSolutionNode = FALSE
	EndGlobalSection
	GlobalSection(ExtensibilityGlobals) = postSolution
		SolutionGuid = {FA841645-CE0E-4BEF-9447-76EEDA5C5F22}
	EndGlobalSection
EndGlobal
