
Microsoft Visual Studio Solution File, Format Version 12.00
# Visual Studio 15
VisualStudioVersion = 15.0.28307.329
MinimumVisualStudioVersion = 10.0.40219.1
Project("{9A19103F-16F7-4668-BE54-9A1E7A4F7556}") = "FunctionAppWWTravel", "FunctionAppWWTravel\FunctionAppWWTravel.csproj", "{AF7CE7AD-D636-43C6-9EEE-C4D924326D82}"
EndProject
Global
	GlobalSection(SolutionConfigurationPlatforms) = preSolution
		Debug|Any CPU = Debug|Any CPU
		Release|Any CPU = Release|Any CPU
	EndGlobalSection
	GlobalSection(ProjectConfigurationPlatforms) = postSolution
		{AF7CE7AD-D636-43C6-9EEE-C4D924326D82}.Debug|Any CPU.ActiveCfg = Debug|Any CPU
		{AF7CE7AD-D636-43C6-9EEE-C4D924326D82}.Debug|Any CPU.Build.0 = Debug|Any CPU
		{AF7CE7AD-D636-43C6-9EEE-C4D924326D82}.Release|Any CPU.ActiveCfg = Release|Any CPU
		{AF7CE7AD-D636-43C6-9EEE-C4D924326D82}.Release|Any CPU.Build.0 = Release|Any CPU
	EndGlobalSection
	GlobalSection(SolutionProperties) = preSolution
		HideSolutionNode = FALSE
	EndGlobalSection
	GlobalSection(ExtensibilityGlobals) = postSolution
		SolutionGuid = {D28EFC1C-054B-4C4F-AB17-0CF4CC9E8522}
	EndGlobalSection
EndGlobal
