
Microsoft Visual Studio Solution File, Format Version 12.00
# Visual Studio Version 16
VisualStudioVersion = 16.0.29020.237
MinimumVisualStudioVersion = 10.0.40219.1
Project("{9A19103F-16F7-4668-BE54-9A1E7A4F7556}") = "SampleCodeChapter16", "SampleCodeChapter16\SampleCodeChapter16.csproj", "{BBFF83EA-7E7A-4146-A2F3-0A732123DD58}"
EndProject
Project("{FAE04EC0-301F-11D3-BF4B-00C04F79EFBC}") = "WebApplicationSample", "WebApplicationSample\WebApplicationSample.csproj", "{AB077D07-838B-465C-9647-04ADCF00D0F5}"
EndProject
Global
	GlobalSection(SolutionConfigurationPlatforms) = preSolution
		Debug|Any CPU = Debug|Any CPU
		Release|Any CPU = Release|Any CPU
	EndGlobalSection
	GlobalSection(ProjectConfigurationPlatforms) = postSolution
		{BBFF83EA-7E7A-4146-A2F3-0A732123DD58}.Debug|Any CPU.ActiveCfg = Debug|Any CPU
		{BBFF83EA-7E7A-4146-A2F3-0A732123DD58}.Debug|Any CPU.Build.0 = Debug|Any CPU
		{BBFF83EA-7E7A-4146-A2F3-0A732123DD58}.Release|Any CPU.ActiveCfg = Release|Any CPU
		{BBFF83EA-7E7A-4146-A2F3-0A732123DD58}.Release|Any CPU.Build.0 = Release|Any CPU
		{AB077D07-838B-465C-9647-04ADCF00D0F5}.Debug|Any CPU.ActiveCfg = Debug|Any CPU
		{AB077D07-838B-465C-9647-04ADCF00D0F5}.Debug|Any CPU.Build.0 = Debug|Any CPU
		{AB077D07-838B-465C-9647-04ADCF00D0F5}.Release|Any CPU.ActiveCfg = Release|Any CPU
		{AB077D07-838B-465C-9647-04ADCF00D0F5}.Release|Any CPU.Build.0 = Release|Any CPU
	EndGlobalSection
	GlobalSection(SolutionProperties) = preSolution
		HideSolutionNode = FALSE
	EndGlobalSection
	GlobalSection(ExtensibilityGlobals) = postSolution
		SolutionGuid = {27ED5917-0BD6-4488-BF29-A2488C18A015}
	EndGlobalSection
EndGlobal
