
Microsoft Visual Studio Solution File, Format Version 12.00
# Visual Studio 15
VisualStudioVersion = 15.0.28307.329
MinimumVisualStudioVersion = 10.0.40219.1
Project("{9A19103F-16F7-4668-BE54-9A1E7A4F7556}") = "DesignPatternsSample", "DesignPatternsSample\DesignPatternsSample.csproj", "{FEEF051D-9EC3-4968-8DC5-45B00BFCFAE1}"
EndProject
Global
	GlobalSection(SolutionConfigurationPlatforms) = preSolution
		Debug|Any CPU = Debug|Any CPU
		Release|Any CPU = Release|Any CPU
	EndGlobalSection
	GlobalSection(ProjectConfigurationPlatforms) = postSolution
		{FEEF051D-9EC3-4968-8DC5-45B00BFCFAE1}.Debug|Any CPU.ActiveCfg = Debug|Any CPU
		{FEEF051D-9EC3-4968-8DC5-45B00BFCFAE1}.Debug|Any CPU.Build.0 = Debug|Any CPU
		{FEEF051D-9EC3-4968-8DC5-45B00BFCFAE1}.Release|Any CPU.ActiveCfg = Release|Any CPU
		{FEEF051D-9EC3-4968-8DC5-45B00BFCFAE1}.Release|Any CPU.Build.0 = Release|Any CPU
	EndGlobalSection
	GlobalSection(SolutionProperties) = preSolution
		HideSolutionNode = FALSE
	EndGlobalSection
	GlobalSection(ExtensibilityGlobals) = postSolution
		SolutionGuid = {874BB1FC-C1B6-41EB-9697-EE60ED4A1B15}
	EndGlobalSection
EndGlobal
